
Microsoft Visual Studio Solution File, Format Version 12.00
# Visual Studio 15
VisualStudioVersion = 15.0.28307.779
MinimumVisualStudioVersion = 10.0.40219.1
Project("{FAE04EC0-301F-11D3-BF4B-00C04F79EFBC}") = "SortApp", "SortApp\SortApp.csproj", "{D97FA9B2-377F-4839-8443-6CF338F4489E}"
EndProject
Global
	GlobalSection(SolutionConfigurationPlatforms) = preSolution
		Debug|Any CPU = Debug|Any CPU
		Release|Any CPU = Release|Any CPU
	EndGlobalSection
	GlobalSection(ProjectConfigurationPlatforms) = postSolution
		{D97FA9B2-377F-4839-8443-6CF338F4489E}.Debug|Any CPU.ActiveCfg = Debug|Any CPU
		{D97FA9B2-377F-4839-8443-6CF338F4489E}.Debug|Any CPU.Build.0 = Debug|Any CPU
		{D97FA9B2-377F-4839-8443-6CF338F4489E}.Release|Any CPU.ActiveCfg = Release|Any CPU
		{D97FA9B2-377F-4839-8443-6CF338F4489E}.Release|Any CPU.Build.0 = Release|Any CPU
	EndGlobalSection
	GlobalSection(SolutionProperties) = preSolution
		HideSolutionNode = FALSE
	EndGlobalSection
	GlobalSection(ExtensibilityGlobals) = postSolution
		SolutionGuid = {621952D2-0FD0-4ACE-84C3-D7119A7B6865}
	EndGlobalSection
EndGlobal
